
Microsoft Visual Studio Solution File, Format Version 12.00
# Visual Studio Version 17
VisualStudioVersion = 17.13.35931.197 d17.13
MinimumVisualStudioVersion = 10.0.40219.1
Project("{FAE04EC0-301F-11D3-BF4B-00C04F79EFBC}") = "Liga_Futebol", "Liga_Futebol.csproj", "{6AC9DB5B-1843-4104-9B5D-8EDA7562D562}"
EndProject
Global
	GlobalSection(SolutionConfigurationPlatforms) = preSolution
		Debug|Any CPU = Debug|Any CPU
		Release|Any CPU = Release|Any CPU
	EndGlobalSection
	GlobalSection(ProjectConfigurationPlatforms) = postSolution
		{6AC9DB5B-1843-4104-9B5D-8EDA7562D562}.Debug|Any CPU.ActiveCfg = Debug|Any CPU
		{6AC9DB5B-1843-4104-9B5D-8EDA7562D562}.Debug|Any CPU.Build.0 = Debug|Any CPU
		{6AC9DB5B-1843-4104-9B5D-8EDA7562D562}.Release|Any CPU.ActiveCfg = Release|Any CPU
		{6AC9DB5B-1843-4104-9B5D-8EDA7562D562}.Release|Any CPU.Build.0 = Release|Any CPU
	EndGlobalSection
	GlobalSection(SolutionProperties) = preSolution
		HideSolutionNode = FALSE
	EndGlobalSection
	GlobalSection(ExtensibilityGlobals) = postSolution
		SolutionGuid = {5BD4FA9A-B0C6-4B89-B28C-7A6190705C0B}
	EndGlobalSection
EndGlobal
